// !$*UTF8*$!
{
	archiveVersion = 1;
	classes = {
	};
	objectVersion = 55;
	objects = {

/* Begin PBXBuildFile section */
		660DC60B2797F3C900DB2132 /* Animations.swift in Sources */ = {isa = PBXBuildFile; fileRef = 660DC60A2797F3C900DB2132 /* Animations.swift */; };
		660DC613279973FD00DB2132 /* RxCocoa in Frameworks */ = {isa = PBXBuildFile; productRef = 660DC612279973FD00DB2132 /* RxCocoa */; };
		660DC615279973FD00DB2132 /* RxRelay in Frameworks */ = {isa = PBXBuildFile; productRef = 660DC614279973FD00DB2132 /* RxRelay */; };
		660DC617279973FD00DB2132 /* RxSwift in Frameworks */ = {isa = PBXBuildFile; productRef = 660DC616279973FD00DB2132 /* RxSwift */; };
		660DC61A2799766C00DB2132 /* RealmSwift in Frameworks */ = {isa = PBXBuildFile; productRef = 660DC6192799766C00DB2132 /* RealmSwift */; };
		6647D1422795BF08009F193E /* AppDelegate.swift in Sources */ = {isa = PBXBuildFile; fileRef = 6647D1412795BF08009F193E /* AppDelegate.swift */; };
		6647D1442795BF08009F193E /* SceneDelegate.swift in Sources */ = {isa = PBXBuildFile; fileRef = 6647D1432795BF08009F193E /* SceneDelegate.swift */; };
		6647D1462795BF08009F193E /* MainVC.swift in Sources */ = {isa = PBXBuildFile; fileRef = 6647D1452795BF08009F193E /* MainVC.swift */; };
		6647D1492795BF08009F193E /* Main.storyboard in Resources */ = {isa = PBXBuildFile; fileRef = 6647D1472795BF08009F193E /* Main.storyboard */; };
		6647D14B2795BF08009F193E /* Assets.xcassets in Resources */ = {isa = PBXBuildFile; fileRef = 6647D14A2795BF08009F193E /* Assets.xcassets */; };
		6647D14E2795BF08009F193E /* LaunchScreen.storyboard in Resources */ = {isa = PBXBuildFile; fileRef = 6647D14C2795BF08009F193E /* LaunchScreen.storyboard */; };
		6647D1612795C17D009F193E /* AppCoordinator.swift in Sources */ = {isa = PBXBuildFile; fileRef = 6647D1602795C17D009F193E /* AppCoordinator.swift */; };
		6647D1662795C400009F193E /* Storyboardy.swift in Sources */ = {isa = PBXBuildFile; fileRef = 6647D1652795C400009F193E /* Storyboardy.swift */; };
		666DB6852795C89400FECB0D /* MainViewModel.swift in Sources */ = {isa = PBXBuildFile; fileRef = 666DB6842795C89400FECB0D /* MainViewModel.swift */; };
		666DB6882795CA5E00FECB0D /* UserModel.swift in Sources */ = {isa = PBXBuildFile; fileRef = 666DB6872795CA5E00FECB0D /* UserModel.swift */; };
		666DB68C2796CB9600FECB0D /* DatasVC.swift in Sources */ = {isa = PBXBuildFile; fileRef = 666DB68B2796CB9600FECB0D /* DatasVC.swift */; };
		666DB68E2796CBA800FECB0D /* DatasVC.storyboard in Resources */ = {isa = PBXBuildFile; fileRef = 666DB68D2796CBA800FECB0D /* DatasVC.storyboard */; };
		666DB6932797148F00FECB0D /* DBManager.swift in Sources */ = {isa = PBXBuildFile; fileRef = 666DB6922797148F00FECB0D /* DBManager.swift */; };
/* End PBXBuildFile section */

/* Begin PBXFileReference section */
		660DC60A2797F3C900DB2132 /* Animations.swift */ = {isa = PBXFileReference; lastKnownFileType = sourcecode.swift; path = Animations.swift; sourceTree = "<group>"; };
		6647D13E2795BF08009F193E /* RxSwift_Realm.app */ = {isa = PBXFileReference; explicitFileType = wrapper.application; includeInIndex = 0; path = RxSwift_Realm.app; sourceTree = BUILT_PRODUCTS_DIR; };
		6647D1412795BF08009F193E /* AppDelegate.swift */ = {isa = PBXFileReference; lastKnownFileType = sourcecode.swift; path = AppDelegate.swift; sourceTree = "<group>"; };
		6647D1432795BF08009F193E /* SceneDelegate.swift */ = {isa = PBXFileReference; lastKnownFileType = sourcecode.swift; path = SceneDelegate.swift; sourceTree = "<group>"; };
		6647D1452795BF08009F193E /* MainVC.swift */ = {isa = PBXFileReference; lastKnownFileType = sourcecode.swift; path = MainVC.swift; sourceTree = "<group>"; };
		6647D1482795BF08009F193E /* Base */ = {isa = PBXFileReference; lastKnownFileType = file.storyboard; name = Base; path = Base.lproj/Main.storyboard; sourceTree = "<group>"; };
		6647D14A2795BF08009F193E /* Assets.xcassets */ = {isa = PBXFileReference; lastKnownFileType = folder.assetcatalog; path = Assets.xcassets; sourceTree = "<group>"; };
		6647D14D2795BF08009F193E /* Base */ = {isa = PBXFileReference; lastKnownFileType = file.storyboard; name = Base; path = Base.lproj/LaunchScreen.storyboard; sourceTree = "<group>"; };
		6647D14F2795BF08009F193E /* Info.plist */ = {isa = PBXFileReference; lastKnownFileType = text.plist.xml; path = Info.plist; sourceTree = "<group>"; };
		6647D1602795C17D009F193E /* AppCoordinator.swift */ = {isa = PBXFileReference; lastKnownFileType = sourcecode.swift; path = AppCoordinator.swift; sourceTree = "<group>"; };
		6647D1652795C400009F193E /* Storyboardy.swift */ = {isa = PBXFileReference; lastKnownFileType = sourcecode.swift; path = Storyboardy.swift; sourceTree = "<group>"; };
		666DB6842795C89400FECB0D /* MainViewModel.swift */ = {isa = PBXFileReference; lastKnownFileType = sourcecode.swift; path = MainViewModel.swift; sourceTree = "<group>"; };
		666DB6872795CA5E00FECB0D /* UserModel.swift */ = {isa = PBXFileReference; lastKnownFileType = sourcecode.swift; path = UserModel.swift; sourceTree = "<group>"; };
		666DB68B2796CB9600FECB0D /* DatasVC.swift */ = {isa = PBXFileReference; lastKnownFileType = sourcecode.swift; path = DatasVC.swift; sourceTree = "<group>"; };
		666DB68D2796CBA800FECB0D /* DatasVC.storyboard */ = {isa = PBXFileReference; lastKnownFileType = file.storyboard; path = DatasVC.storyboard; sourceTree = "<group>"; };
		666DB6922797148F00FECB0D /* DBManager.swift */ = {isa = PBXFileReference; lastKnownFileType = sourcecode.swift; path = DBManager.swift; sourceTree = "<group>"; };
		727AE526E3C122D3FC54C144 /* Pods_RxSwift_Realm.framework */ = {isa = PBXFileReference; explicitFileType = wrapper.framework; includeInIndex = 0; path = Pods_RxSwift_Realm.framework; sourceTree = BUILT_PRODUCTS_DIR; };
/* End PBXFileReference section */

/* Begin PBXFrameworksBuildPhase section */
		6647D13B2795BF08009F193E /* Frameworks */ = {
			isa = PBXFrameworksBuildPhase;
			buildActionMask = 2147483647;
			files = (
				660DC617279973FD00DB2132 /* RxSwift in Frameworks */,
				660DC615279973FD00DB2132 /* RxRelay in Frameworks */,
				660DC613279973FD00DB2132 /* RxCocoa in Frameworks */,
				660DC61A2799766C00DB2132 /* RealmSwift in Frameworks */,
			);
			runOnlyForDeploymentPostprocessing = 0;
		};
/* End PBXFrameworksBuildPhase section */

/* Begin PBXGroup section */
		0B9E729C2C317BFE27C79F6A /* Frameworks */ = {
			isa = PBXGroup;
			children = (
				727AE526E3C122D3FC54C144 /* Pods_RxSwift_Realm.framework */,
			);
			name = Frameworks;
			sourceTree = "<group>";
		};
		660DC6092797F3B800DB2132 /* Extensions */ = {
			isa = PBXGroup;
			children = (
				660DC60A2797F3C900DB2132 /* Animations.swift */,
			);
			path = Extensions;
			sourceTree = "<group>";
		};
		6647D1352795BF08009F193E = {
			isa = PBXGroup;
			children = (
				6647D1402795BF08009F193E /* RxSwift_Realm */,
				6647D13F2795BF08009F193E /* Products */,
				0B9E729C2C317BFE27C79F6A /* Frameworks */,
			);
			sourceTree = "<group>";
		};
		6647D13F2795BF08009F193E /* Products */ = {
			isa = PBXGroup;
			children = (
				6647D13E2795BF08009F193E /* RxSwift_Realm.app */,
			);
			name = Products;
			sourceTree = "<group>";
		};
		6647D1402795BF08009F193E /* RxSwift_Realm */ = {
			isa = PBXGroup;
			children = (
				660DC6092797F3B800DB2132 /* Extensions */,
				666DB6912797147F00FECB0D /* Managers */,
				666DB6862795CA5600FECB0D /* Models */,
				6647D1622795C188009F193E /* Scenes */,
				6647D15F2795C166009F193E /* Application */,
				6647D14A2795BF08009F193E /* Assets.xcassets */,
				6647D14C2795BF08009F193E /* LaunchScreen.storyboard */,
				6647D14F2795BF08009F193E /* Info.plist */,
			);
			path = RxSwift_Realm;
			sourceTree = "<group>";
		};
		6647D15F2795C166009F193E /* Application */ = {
			isa = PBXGroup;
			children = (
				6647D1412795BF08009F193E /* AppDelegate.swift */,
				6647D1432795BF08009F193E /* SceneDelegate.swift */,
				6647D1602795C17D009F193E /* AppCoordinator.swift */,
				6647D1652795C400009F193E /* Storyboardy.swift */,
			);
			path = Application;
			sourceTree = "<group>";
		};
		6647D1622795C188009F193E /* Scenes */ = {
			isa = PBXGroup;
			children = (
				6647D1642795C1A5009F193E /* viewmodel */,
				6647D1632795C19C009F193E /* view */,
			);
			path = Scenes;
			sourceTree = "<group>";
		};
		6647D1632795C19C009F193E /* view */ = {
			isa = PBXGroup;
			children = (
				666DB68A2796CB7800FECB0D /* datas */,
				666DB6892796CB6B00FECB0D /* main */,
			);
			path = view;
			sourceTree = "<group>";
		};
		6647D1642795C1A5009F193E /* viewmodel */ = {
			isa = PBXGroup;
			children = (
				666DB6842795C89400FECB0D /* MainViewModel.swift */,
			);
			path = viewmodel;
			sourceTree = "<group>";
		};
		666DB6862795CA5600FECB0D /* Models */ = {
			isa = PBXGroup;
			children = (
				666DB6872795CA5E00FECB0D /* UserModel.swift */,
			);
			path = Models;
			sourceTree = "<group>";
		};
		666DB6892796CB6B00FECB0D /* main */ = {
			isa = PBXGroup;
			children = (
				6647D1452795BF08009F193E /* MainVC.swift */,
				6647D1472795BF08009F193E /* Main.storyboard */,
			);
			path = main;
			sourceTree = "<group>";
		};
		666DB68A2796CB7800FECB0D /* datas */ = {
			isa = PBXGroup;
			children = (
				666DB68B2796CB9600FECB0D /* DatasVC.swift */,
				666DB68D2796CBA800FECB0D /* DatasVC.storyboard */,
			);
			path = datas;
			sourceTree = "<group>";
		};
		666DB6912797147F00FECB0D /* Managers */ = {
			isa = PBXGroup;
			children = (
				666DB6922797148F00FECB0D /* DBManager.swift */,
			);
			path = Managers;
			sourceTree = "<group>";
		};
/* End PBXGroup section */

/* Begin PBXNativeTarget section */
		6647D13D2795BF08009F193E /* RxSwift_Realm */ = {
			isa = PBXNativeTarget;
			buildConfigurationList = 6647D1522795BF08009F193E /* Build configuration list for PBXNativeTarget "RxSwift_Realm" */;
			buildPhases = (
				6647D13A2795BF08009F193E /* Sources */,
				6647D13B2795BF08009F193E /* Frameworks */,
				6647D13C2795BF08009F193E /* Resources */,
			);
			buildRules = (
			);
			dependencies = (
			);
			name = RxSwift_Realm;
			packageProductDependencies = (
				660DC612279973FD00DB2132 /* RxCocoa */,
				660DC614279973FD00DB2132 /* RxRelay */,
				660DC616279973FD00DB2132 /* RxSwift */,
				660DC6192799766C00DB2132 /* RealmSwift */,
			);
			productName = RxSwift_Realm;
			productReference = 6647D13E2795BF08009F193E /* RxSwift_Realm.app */;
			productType = "com.apple.product-type.application";
		};
/* End PBXNativeTarget section */

/* Begin PBXProject section */
		6647D1362795BF08009F193E /* Project object */ = {
			isa = PBXProject;
			attributes = {
				BuildIndependentTargetsInParallel = 1;
				LastSwiftUpdateCheck = 1300;
				LastUpgradeCheck = 1300;
				TargetAttributes = {
					6647D13D2795BF08009F193E = {
						CreatedOnToolsVersion = 13.0;
					};
				};
			};
			buildConfigurationList = 6647D1392795BF08009F193E /* Build configuration list for PBXProject "RxSwift_Realm" */;
			compatibilityVersion = "Xcode 13.0";
			developmentRegion = en;
			hasScannedForEncodings = 0;
			knownRegions = (
				en,
				Base,
			);
			mainGroup = 6647D1352795BF08009F193E;
			packageReferences = (
				660DC611279973FD00DB2132 /* XCRemoteSwiftPackageReference "RxSwift" */,
				660DC6182799766C00DB2132 /* XCRemoteSwiftPackageReference "realm-swift" */,
			);
			productRefGroup = 6647D13F2795BF08009F193E /* Products */;
			projectDirPath = "";
			projectRoot = "";
			targets = (
				6647D13D2795BF08009F193E /* RxSwift_Realm */,
			);
		};
/* End PBXProject section */

/* Begin PBXResourcesBuildPhase section */
		6647D13C2795BF08009F193E /* Resources */ = {
			isa = PBXResourcesBuildPhase;
			buildActionMask = 2147483647;
			files = (
				6647D14E2795BF08009F193E /* LaunchScreen.storyboard in Resources */,
				6647D14B2795BF08009F193E /* Assets.xcassets in Resources */,
				6647D1492795BF08009F193E /* Main.storyboard in Resources */,
				666DB68E2796CBA800FECB0D /* DatasVC.storyboard in Resources */,
			);
			runOnlyForDeploymentPostprocessing = 0;
		};
/* End PBXResourcesBuildPhase section */

/* Begin PBXSourcesBuildPhase section */
		6647D13A2795BF08009F193E /* Sources */ = {
			isa = PBXSourcesBuildPhase;
			buildActionMask = 2147483647;
			files = (
				6647D1612795C17D009F193E /* AppCoordinator.swift in Sources */,
				666DB6882795CA5E00FECB0D /* UserModel.swift in Sources */,
				6647D1662795C400009F193E /* Storyboardy.swift in Sources */,
				6647D1462795BF08009F193E /* MainVC.swift in Sources */,
				666DB6932797148F00FECB0D /* DBManager.swift in Sources */,
				6647D1422795BF08009F193E /* AppDelegate.swift in Sources */,
				6647D1442795BF08009F193E /* SceneDelegate.swift in Sources */,
				666DB68C2796CB9600FECB0D /* DatasVC.swift in Sources */,
				660DC60B2797F3C900DB2132 /* Animations.swift in Sources */,
				666DB6852795C89400FECB0D /* MainViewModel.swift in Sources */,
			);
			runOnlyForDeploymentPostprocessing = 0;
		};
/* End PBXSourcesBuildPhase section */

/* Begin PBXVariantGroup section */
		6647D1472795BF08009F193E /* Main.storyboard */ = {
			isa = PBXVariantGroup;
			children = (
				6647D1482795BF08009F193E /* Base */,
			);
			name = Main.storyboard;
			sourceTree = "<group>";
		};
		6647D14C2795BF08009F193E /* LaunchScreen.storyboard */ = {
			isa = PBXVariantGroup;
			children = (
				6647D14D2795BF08009F193E /* Base */,
			);
			name = LaunchScreen.storyboard;
			sourceTree = "<group>";
		};
/* End PBXVariantGroup section */

/* Begin XCBuildConfiguration section */
		6647D1502795BF08009F193E /* Debug */ = {
			isa = XCBuildConfiguration;
			buildSettings = {
				ALWAYS_SEARCH_USER_PATHS = NO;
				CLANG_ANALYZER_NONNULL = YES;
				CLANG_ANALYZER_NUMBER_OBJECT_CONVERSION = YES_AGGRESSIVE;
				CLANG_CXX_LANGUAGE_STANDARD = "gnu++17";
				CLANG_CXX_LIBRARY = "libc++";
				CLANG_ENABLE_MODULES = YES;
				CLANG_ENABLE_OBJC_ARC = YES;
				CLANG_ENABLE_OBJC_WEAK = YES;
				CLANG_WARN_BLOCK_CAPTURE_AUTORELEASING = YES;
				CLANG_WARN_BOOL_CONVERSION = YES;
				CLANG_WARN_COMMA = YES;
				CLANG_WARN_CONSTANT_CONVERSION = YES;
				CLANG_WARN_DEPRECATED_OBJC_IMPLEMENTATIONS = YES;
				CLANG_WARN_DIRECT_OBJC_ISA_USAGE = YES_ERROR;
				CLANG_WARN_DOCUMENTATION_COMMENTS = YES;
				CLANG_WARN_EMPTY_BODY = YES;
				CLANG_WARN_ENUM_CONVERSION = YES;
				CLANG_WARN_INFINITE_RECURSION = YES;
				CLANG_WARN_INT_CONVERSION = YES;
				CLANG_WARN_NON_LITERAL_NULL_CONVERSION = YES;
				CLANG_WARN_OBJC_IMPLICIT_RETAIN_SELF = YES;
				CLANG_WARN_OBJC_LITERAL_CONVERSION = YES;
				CLANG_WARN_OBJC_ROOT_CLASS = YES_ERROR;
				CLANG_WARN_QUOTED_INCLUDE_IN_FRAMEWORK_HEADER = YES;
				CLANG_WARN_RANGE_LOOP_ANALYSIS = YES;
				CLANG_WARN_STRICT_PROTOTYPES = YES;
				CLANG_WARN_SUSPICIOUS_MOVE = YES;
				CLANG_WARN_UNGUARDED_AVAILABILITY = YES_AGGRESSIVE;
				CLANG_WARN_UNREACHABLE_CODE = YES;
				CLANG_WARN__DUPLICATE_METHOD_MATCH = YES;
				COPY_PHASE_STRIP = NO;
				DEBUG_INFORMATION_FORMAT = dwarf;
				ENABLE_STRICT_OBJC_MSGSEND = YES;
				ENABLE_TESTABILITY = YES;
				GCC_C_LANGUAGE_STANDARD = gnu11;
				GCC_DYNAMIC_NO_PIC = NO;
				GCC_NO_COMMON_BLOCKS = YES;
				GCC_OPTIMIZATION_LEVEL = 0;
				GCC_PREPROCESSOR_DEFINITIONS = (
					"DEBUG=1",
					"$(inherited)",
				);
				GCC_WARN_64_TO_32_BIT_CONVERSION = YES;
				GCC_WARN_ABOUT_RETURN_TYPE = YES_ERROR;
				GCC_WARN_UNDECLARED_SELECTOR = YES;
				GCC_WARN_UNINITIALIZED_AUTOS = YES_AGGRESSIVE;
				GCC_WARN_UNUSED_FUNCTION = YES;
				GCC_WARN_UNUSED_VARIABLE = YES;
				IPHONEOS_DEPLOYMENT_TARGET = 13.0;
				MTL_ENABLE_DEBUG_INFO = INCLUDE_SOURCE;
				MTL_FAST_MATH = YES;
				ONLY_ACTIVE_ARCH = YES;
				SDKROOT = iphoneos;
				SWIFT_ACTIVE_COMPILATION_CONDITIONS = DEBUG;
				SWIFT_OPTIMIZATION_LEVEL = "-Onone";
			};
			name = Debug;
		};
		6647D1512795BF08009F193E /* Release */ = {
			isa = XCBuildConfiguration;
			buildSettings = {
				ALWAYS_SEARCH_USER_PATHS = NO;
				CLANG_ANALYZER_NONNULL = YES;
				CLANG_ANALYZER_NUMBER_OBJECT_CONVERSION = YES_AGGRESSIVE;
				CLANG_CXX_LANGUAGE_STANDARD = "gnu++17";
				CLANG_CXX_LIBRARY = "libc++";
				CLANG_ENABLE_MODULES = YES;
				CLANG_ENABLE_OBJC_ARC = YES;
				CLANG_ENABLE_OBJC_WEAK = YES;
				CLANG_WARN_BLOCK_CAPTURE_AUTORELEASING = YES;
				CLANG_WARN_BOOL_CONVERSION = YES;
				CLANG_WARN_COMMA = YES;
				CLANG_WARN_CONSTANT_CONVERSION = YES;
				CLANG_WARN_DEPRECATED_OBJC_IMPLEMENTATIONS = YES;
				CLANG_WARN_DIRECT_OBJC_ISA_USAGE = YES_ERROR;
				CLANG_WARN_DOCUMENTATION_COMMENTS = YES;
				CLANG_WARN_EMPTY_BODY = YES;
				CLANG_WARN_ENUM_CONVERSION = YES;
				CLANG_WARN_INFINITE_RECURSION = YES;
				CLANG_WARN_INT_CONVERSION = YES;
				CLANG_WARN_NON_LITERAL_NULL_CONVERSION = YES;
				CLANG_WARN_OBJC_IMPLICIT_RETAIN_SELF = YES;
				CLANG_WARN_OBJC_LITERAL_CONVERSION = YES;
				CLANG_WARN_OBJC_ROOT_CLASS = YES_ERROR;
				CLANG_WARN_QUOTED_INCLUDE_IN_FRAMEWORK_HEADER = YES;
				CLANG_WARN_RANGE_LOOP_ANALYSIS = YES;
				CLANG_WARN_STRICT_PROTOTYPES = YES;
				CLANG_WARN_SUSPICIOUS_MOVE = YES;
				CLANG_WARN_UNGUARDED_AVAILABILITY = YES_AGGRESSIVE;
				CLANG_WARN_UNREACHABLE_CODE = YES;
				CLANG_WARN__DUPLICATE_METHOD_MATCH = YES;
				COPY_PHASE_STRIP = NO;
				DEBUG_INFORMATION_FORMAT = "dwarf-with-dsym";
				ENABLE_NS_ASSERTIONS = NO;
				ENABLE_STRICT_OBJC_MSGSEND = YES;
				GCC_C_LANGUAGE_STANDARD = gnu11;
				GCC_NO_COMMON_BLOCKS = YES;
				GCC_WARN_64_TO_32_BIT_CONVERSION = YES;
				GCC_WARN_ABOUT_RETURN_TYPE = YES_ERROR;
				GCC_WARN_UNDECLARED_SELECTOR = YES;
				GCC_WARN_UNINITIALIZED_AUTOS = YES_AGGRESSIVE;
				GCC_WARN_UNUSED_FUNCTION = YES;
				GCC_WARN_UNUSED_VARIABLE = YES;
				IPHONEOS_DEPLOYMENT_TARGET = 13.0;
				MTL_ENABLE_DEBUG_INFO = NO;
				MTL_FAST_MATH = YES;
				SDKROOT = iphoneos;
				SWIFT_COMPILATION_MODE = wholemodule;
				SWIFT_OPTIMIZATION_LEVEL = "-O";
				VALIDATE_PRODUCT = YES;
			};
			name = Release;
		};
		6647D1532795BF08009F193E /* Debug */ = {
			isa = XCBuildConfiguration;
			buildSettings = {
				ASSETCATALOG_COMPILER_APPICON_NAME = AppIcon;
				ASSETCATALOG_COMPILER_GLOBAL_ACCENT_COLOR_NAME = AccentColor;
				CODE_SIGN_STYLE = Automatic;
				CURRENT_PROJECT_VERSION = 1;
				DEVELOPMENT_TEAM = M9AFY49SW2;
				GENERATE_INFOPLIST_FILE = YES;
				INFOPLIST_FILE = RxSwift_Realm/Info.plist;
				INFOPLIST_KEY_UIApplicationSupportsIndirectInputEvents = YES;
				INFOPLIST_KEY_UILaunchStoryboardName = LaunchScreen;
				INFOPLIST_KEY_UISupportedInterfaceOrientations = UIInterfaceOrientationPortrait;
				INFOPLIST_KEY_UISupportedInterfaceOrientations_iPad = "UIInterfaceOrientationPortrait UIInterfaceOrientationPortraitUpsideDown UIInterfaceOrientationLandscapeLeft UIInterfaceOrientationLandscapeRight";
				INFOPLIST_KEY_UISupportedInterfaceOrientations_iPhone = "UIInterfaceOrientationPortrait UIInterfaceOrientationLandscapeLeft UIInterfaceOrientationLandscapeRight";
				IPHONEOS_DEPLOYMENT_TARGET = 13.0;
				LD_RUNPATH_SEARCH_PATHS = (
					"$(inherited)",
					"@executable_path/Frameworks",
				);
				MARKETING_VERSION = 1.0;
				PRODUCT_BUNDLE_IDENTIFIER = "app.RxSwift-Realm";
				PRODUCT_NAME = "$(TARGET_NAME)";
				SWIFT_EMIT_LOC_STRINGS = YES;
				SWIFT_VERSION = 5.0;
				TARGETED_DEVICE_FAMILY = "1,2";
			};
			name = Debug;
		};
		6647D1542795BF08009F193E /* Release */ = {
			isa = XCBuildConfiguration;
			buildSettings = {
				ASSETCATALOG_COMPILER_APPICON_NAME = AppIcon;
				ASSETCATALOG_COMPILER_GLOBAL_ACCENT_COLOR_NAME = AccentColor;
				CODE_SIGN_STYLE = Automatic;
				CURRENT_PROJECT_VERSION = 1;
				DEVELOPMENT_TEAM = M9AFY49SW2;
				GENERATE_INFOPLIST_FILE = YES;
				INFOPLIST_FILE = RxSwift_Realm/Info.plist;
				INFOPLIST_KEY_UIApplicationSupportsIndirectInputEvents = YES;
				INFOPLIST_KEY_UILaunchStoryboardName = LaunchScreen;
				INFOPLIST_KEY_UISupportedInterfaceOrientations = UIInterfaceOrientationPortrait;
				INFOPLIST_KEY_UISupportedInterfaceOrientations_iPad = "UIInterfaceOrientationPortrait UIInterfaceOrientationPortraitUpsideDown UIInterfaceOrientationLandscapeLeft UIInterfaceOrientationLandscapeRight";
				INFOPLIST_KEY_UISupportedInterfaceOrientations_iPhone = "UIInterfaceOrientationPortrait UIInterfaceOrientationLandscapeLeft UIInterfaceOrientationLandscapeRight";
				IPHONEOS_DEPLOYMENT_TARGET = 13.0;
				LD_RUNPATH_SEARCH_PATHS = (
					"$(inherited)",
					"@executable_path/Frameworks",
				);
				MARKETING_VERSION = 1.0;
				PRODUCT_BUNDLE_IDENTIFIER = "app.RxSwift-Realm";
				PRODUCT_NAME = "$(TARGET_NAME)";
				SWIFT_EMIT_LOC_STRINGS = YES;
				SWIFT_VERSION = 5.0;
				TARGETED_DEVICE_FAMILY = "1,2";
			};
			name = Release;
		};
/* End XCBuildConfiguration section */

/* Begin XCConfigurationList section */
		6647D1392795BF08009F193E /* Build configuration list for PBXProject "RxSwift_Realm" */ = {
			isa = XCConfigurationList;
			buildConfigurations = (
				6647D1502795BF08009F193E /* Debug */,
				6647D1512795BF08009F193E /* Release */,
			);
			defaultConfigurationIsVisible = 0;
			defaultConfigurationName = Release;
		};
		6647D1522795BF08009F193E /* Build configuration list for PBXNativeTarget "RxSwift_Realm" */ = {
			isa = XCConfigurationList;
			buildConfigurations = (
				6647D1532795BF08009F193E /* Debug */,
				6647D1542795BF08009F193E /* Release */,
			);
			defaultConfigurationIsVisible = 0;
			defaultConfigurationName = Release;
		};
/* End XCConfigurationList section */

/* Begin XCRemoteSwiftPackageReference section */
		660DC611279973FD00DB2132 /* XCRemoteSwiftPackageReference "RxSwift" */ = {
			isa = XCRemoteSwiftPackageReference;
			repositoryURL = "https://github.com/ReactiveX/RxSwift";
			requirement = {
				branch = main;
				kind = branch;
			};
		};
		660DC6182799766C00DB2132 /* XCRemoteSwiftPackageReference "realm-swift" */ = {
			isa = XCRemoteSwiftPackageReference;
			repositoryURL = "https://github.com/realm/realm-swift";
			requirement = {
				branch = master;
				kind = branch;
			};
		};
/* End XCRemoteSwiftPackageReference section */

/* Begin XCSwiftPackageProductDependency section */
		660DC612279973FD00DB2132 /* RxCocoa */ = {
			isa = XCSwiftPackageProductDependency;
			package = 660DC611279973FD00DB2132 /* XCRemoteSwiftPackageReference "RxSwift" */;
			productName = RxCocoa;
		};
		660DC614279973FD00DB2132 /* RxRelay */ = {
			isa = XCSwiftPackageProductDependency;
			package = 660DC611279973FD00DB2132 /* XCRemoteSwiftPackageReference "RxSwift" */;
			productName = RxRelay;
		};
		660DC616279973FD00DB2132 /* RxSwift */ = {
			isa = XCSwiftPackageProductDependency;
			package = 660DC611279973FD00DB2132 /* XCRemoteSwiftPackageReference "RxSwift" */;
			productName = RxSwift;
		};
		660DC6192799766C00DB2132 /* RealmSwift */ = {
			isa = XCSwiftPackageProductDependency;
			package = 660DC6182799766C00DB2132 /* XCRemoteSwiftPackageReference "realm-swift" */;
			productName = RealmSwift;
		};
/* End XCSwiftPackageProductDependency section */
	};
	rootObject = 6647D1362795BF08009F193E /* Project object */;
}
