{
  "object": {
    "pins": [
      {
        "package": "RealmDatabase",
        "repositoryURL": "https://github.com/realm/realm-core",
        "state": {
          "branch": null,
          "revision": "f1976f0d96d9b06fbe0afbd60090b1c3966b1e23",
          "version": "11.8.0"
        }
      },
      {
        "package": "Realm",
        "repositoryURL": "https://github.com/realm/realm-swift",
        "state": {
          "branch": "master",
          "revision": "398ac34ff8c5ed68dfd6d42d41e674dbde9733be",
          "version": null
        }
      },
      {
        "package": "RxSwift",
        "repositoryURL": "https://github.com/ReactiveX/RxSwift",
        "state": {
          "branch": "main",
          "revision": "b4307ba0b6425c0ba4178e138799946c3da594f8",
          "version": null
        }
      }
    ]
  },
  "version": 1
}
